
Microsoft Visual Studio Solution File, Format Version 12.00
# Visual Studio 15
VisualStudioVersion = 15.0.28307.1321
MinimumVisualStudioVersion = 10.0.40219.1
Project("{9A19103F-16F7-4668-BE54-9A1E7A4F7556}") = "WebAppUniversity.Models", "WebAppUniversity.Models\WebAppUniversity.Models.csproj", "{C259845A-6C22-41E7-A610-0F9C60A67303}"
EndProject
Project("{9A19103F-16F7-4668-BE54-9A1E7A4F7556}") = "WebAppUniversity.DbRepository", "WebAppUniversity.DbRepository\WebAppUniversity.DbRepository.csproj", "{3ABF3150-D61E-4293-8FC1-7CBF03BF8E5D}"
EndProject
Project("{9A19103F-16F7-4668-BE54-9A1E7A4F7556}") = "UniversityWebApp", "UniversityWebApp\UniversityWebApp.csproj", "{211213F4-3460-445C-A161-37B75D877B2C}"
EndProject
Global
	GlobalSection(SolutionConfigurationPlatforms) = preSolution
		Debug|Any CPU = Debug|Any CPU
		Release|Any CPU = Release|Any CPU
	EndGlobalSection
	GlobalSection(ProjectConfigurationPlatforms) = postSolution
		{C259845A-6C22-41E7-A610-0F9C60A67303}.Debug|Any CPU.ActiveCfg = Debug|Any CPU
		{C259845A-6C22-41E7-A610-0F9C60A67303}.Debug|Any CPU.Build.0 = Debug|Any CPU
		{C259845A-6C22-41E7-A610-0F9C60A67303}.Release|Any CPU.ActiveCfg = Release|Any CPU
		{C259845A-6C22-41E7-A610-0F9C60A67303}.Release|Any CPU.Build.0 = Release|Any CPU
		{3ABF3150-D61E-4293-8FC1-7CBF03BF8E5D}.Debug|Any CPU.ActiveCfg = Debug|Any CPU
		{3ABF3150-D61E-4293-8FC1-7CBF03BF8E5D}.Debug|Any CPU.Build.0 = Debug|Any CPU
		{3ABF3150-D61E-4293-8FC1-7CBF03BF8E5D}.Release|Any CPU.ActiveCfg = Release|Any CPU
		{3ABF3150-D61E-4293-8FC1-7CBF03BF8E5D}.Release|Any CPU.Build.0 = Release|Any CPU
		{211213F4-3460-445C-A161-37B75D877B2C}.Debug|Any CPU.ActiveCfg = Debug|Any CPU
		{211213F4-3460-445C-A161-37B75D877B2C}.Debug|Any CPU.Build.0 = Debug|Any CPU
		{211213F4-3460-445C-A161-37B75D877B2C}.Release|Any CPU.ActiveCfg = Release|Any CPU
		{211213F4-3460-445C-A161-37B75D877B2C}.Release|Any CPU.Build.0 = Release|Any CPU
	EndGlobalSection
	GlobalSection(SolutionProperties) = preSolution
		HideSolutionNode = FALSE
	EndGlobalSection
	GlobalSection(ExtensibilityGlobals) = postSolution
		SolutionGuid = {54194732-531D-4D1D-81D1-5B8E64691AC1}
	EndGlobalSection
EndGlobal
